// !$*UTF8*$!
{
	archiveVersion = 1;
	classes = {
	};
	objectVersion = 48;
	objects = {

/* Begin PBXBuildFile section */
		9006C1291F8E1DA9008450F4 /* Message.mm in Sources */ = {isa = PBXBuildFile; fileRef = 9006C1281F8E1DA9008450F4 /* Message.mm */; };
		9006C12D1F8F101B008450F4 /* MessageStore.mm in Sources */ = {isa = PBXBuildFile; fileRef = 9006C12C1F8F101B008450F4 /* MessageStore.mm */; };
		905FA9CD1F8DA86B000B6A75 /* AppDelegate.m in Sources */ = {isa = PBXBuildFile; fileRef = 905FA9CC1F8DA86B000B6A75 /* AppDelegate.m */; };
		905FA9D01F8DA86B000B6A75 /* ViewController.mm in Sources */ = {isa = PBXBuildFile; fileRef = 905FA9CF1F8DA86B000B6A75 /* ViewController.mm */; };
		905FA9D31F8DA86B000B6A75 /* Main.storyboard in Resources */ = {isa = PBXBuildFile; fileRef = 905FA9D11F8DA86B000B6A75 /* Main.storyboard */; };
		905FA9D51F8DA86B000B6A75 /* Assets.xcassets in Resources */ = {isa = PBXBuildFile; fileRef = 905FA9D41F8DA86B000B6A75 /* Assets.xcassets */; };
		905FA9D81F8DA86B000B6A75 /* LaunchScreen.storyboard in Resources */ = {isa = PBXBuildFile; fileRef = 905FA9D61F8DA86B000B6A75 /* LaunchScreen.storyboard */; };
		905FA9DB1F8DA86B000B6A75 /* main.m in Sources */ = {isa = PBXBuildFile; fileRef = 905FA9DA1F8DA86B000B6A75 /* main.m */; };
		905FA9E51F8DA86B000B6A75 /* WCDBDemoUITests.m in Sources */ = {isa = PBXBuildFile; fileRef = 905FA9E41F8DA86B000B6A75 /* WCDBDemoUITests.m */; };
		BBB3488A0B1D6D2482802EDC /* libPods-WCDBDemo.a in Frameworks */ = {isa = PBXBuildFile; fileRef = BB69C563F04BE9620A410BD5 /* libPods-WCDBDemo.a */; };
/* End PBXBuildFile section */

/* Begin PBXContainerItemProxy section */
		905FA9E11F8DA86B000B6A75 /* PBXContainerItemProxy */ = {
			isa = PBXContainerItemProxy;
			containerPortal = 905FA9C01F8DA86A000B6A75 /* Project object */;
			proxyType = 1;
			remoteGlobalIDString = 905FA9C71F8DA86A000B6A75;
			remoteInfo = WCDBDemo;
		};
/* End PBXContainerItemProxy section */

/* Begin PBXFileReference section */
		52CC22439B363E439817A9ED /* Pods-WCDBDemo.debug.xcconfig */ = {isa = PBXFileReference; includeInIndex = 1; lastKnownFileType = text.xcconfig; name = "Pods-WCDBDemo.debug.xcconfig"; path = "Pods/Target Support Files/Pods-WCDBDemo/Pods-WCDBDemo.debug.xcconfig"; sourceTree = "<group>"; };
		82545330E8DAD0F679B27BF7 /* Pods-WCDBDemo.release.xcconfig */ = {isa = PBXFileReference; includeInIndex = 1; lastKnownFileType = text.xcconfig; name = "Pods-WCDBDemo.release.xcconfig"; path = "Pods/Target Support Files/Pods-WCDBDemo/Pods-WCDBDemo.release.xcconfig"; sourceTree = "<group>"; };
		9006C1271F8E1DA9008450F4 /* Message.h */ = {isa = PBXFileReference; lastKnownFileType = sourcecode.c.h; path = Message.h; sourceTree = "<group>"; };
		9006C1281F8E1DA9008450F4 /* Message.mm */ = {isa = PBXFileReference; lastKnownFileType = sourcecode.cpp.objcpp; path = Message.mm; sourceTree = "<group>"; };
		9006C12A1F8E1EA5008450F4 /* Message+WCTTableCoding.h */ = {isa = PBXFileReference; lastKnownFileType = sourcecode.c.h; path = "Message+WCTTableCoding.h"; sourceTree = "<group>"; };
		9006C12B1F8F101B008450F4 /* MessageStore.h */ = {isa = PBXFileReference; lastKnownFileType = sourcecode.c.h; path = MessageStore.h; sourceTree = "<group>"; };
		9006C12C1F8F101B008450F4 /* MessageStore.mm */ = {isa = PBXFileReference; lastKnownFileType = sourcecode.cpp.objcpp; path = MessageStore.mm; sourceTree = "<group>"; };
		905FA9C81F8DA86B000B6A75 /* WCDBDemo.app */ = {isa = PBXFileReference; explicitFileType = wrapper.application; includeInIndex = 0; path = WCDBDemo.app; sourceTree = BUILT_PRODUCTS_DIR; };
		905FA9CB1F8DA86B000B6A75 /* AppDelegate.h */ = {isa = PBXFileReference; lastKnownFileType = sourcecode.c.h; path = AppDelegate.h; sourceTree = "<group>"; };
		905FA9CC1F8DA86B000B6A75 /* AppDelegate.m */ = {isa = PBXFileReference; lastKnownFileType = sourcecode.c.objc; path = AppDelegate.m; sourceTree = "<group>"; };
		905FA9CE1F8DA86B000B6A75 /* ViewController.h */ = {isa = PBXFileReference; lastKnownFileType = sourcecode.c.h; path = ViewController.h; sourceTree = "<group>"; };
		905FA9CF1F8DA86B000B6A75 /* ViewController.mm */ = {isa = PBXFileReference; lastKnownFileType = sourcecode.cpp.objcpp; path = ViewController.mm; sourceTree = "<group>"; };
		905FA9D21F8DA86B000B6A75 /* Base */ = {isa = PBXFileReference; lastKnownFileType = file.storyboard; name = Base; path = Base.lproj/Main.storyboard; sourceTree = "<group>"; };
		905FA9D41F8DA86B000B6A75 /* Assets.xcassets */ = {isa = PBXFileReference; lastKnownFileType = folder.assetcatalog; path = Assets.xcassets; sourceTree = "<group>"; };
		905FA9D71F8DA86B000B6A75 /* Base */ = {isa = PBXFileReference; lastKnownFileType = file.storyboard; name = Base; path = Base.lproj/LaunchScreen.storyboard; sourceTree = "<group>"; };
		905FA9D91F8DA86B000B6A75 /* Info.plist */ = {isa = PBXFileReference; lastKnownFileType = text.plist.xml; path = Info.plist; sourceTree = "<group>"; };
		905FA9DA1F8DA86B000B6A75 /* main.m */ = {isa = PBXFileReference; lastKnownFileType = sourcecode.c.objc; path = main.m; sourceTree = "<group>"; };
		905FA9E01F8DA86B000B6A75 /* WCDBDemoUITests.xctest */ = {isa = PBXFileReference; explicitFileType = wrapper.cfbundle; includeInIndex = 0; path = WCDBDemoUITests.xctest; sourceTree = BUILT_PRODUCTS_DIR; };
		905FA9E41F8DA86B000B6A75 /* WCDBDemoUITests.m */ = {isa = PBXFileReference; lastKnownFileType = sourcecode.c.objc; path = WCDBDemoUITests.m; sourceTree = "<group>"; };
		905FA9E61F8DA86B000B6A75 /* Info.plist */ = {isa = PBXFileReference; lastKnownFileType = text.plist.xml; path = Info.plist; sourceTree = "<group>"; };
		BB69C563F04BE9620A410BD5 /* libPods-WCDBDemo.a */ = {isa = PBXFileReference; explicitFileType = archive.ar; includeInIndex = 0; path = "libPods-WCDBDemo.a"; sourceTree = BUILT_PRODUCTS_DIR; };
/* End PBXFileReference section */

/* Begin PBXFrameworksBuildPhase section */
		905FA9C51F8DA86A000B6A75 /* Frameworks */ = {
			isa = PBXFrameworksBuildPhase;
			buildActionMask = 2147483647;
			files = (
				BBB3488A0B1D6D2482802EDC /* libPods-WCDBDemo.a in Frameworks */,
			);
			runOnlyForDeploymentPostprocessing = 0;
		};
		905FA9DD1F8DA86B000B6A75 /* Frameworks */ = {
			isa = PBXFrameworksBuildPhase;
			buildActionMask = 2147483647;
			files = (
			);
			runOnlyForDeploymentPostprocessing = 0;
		};
/* End PBXFrameworksBuildPhase section */

/* Begin PBXGroup section */
		905FA9BF1F8DA86A000B6A75 = {
			isa = PBXGroup;
			children = (
				905FA9CA1F8DA86B000B6A75 /* WCDBDemo */,
				905FA9E31F8DA86B000B6A75 /* WCDBDemoUITests */,
				905FA9C91F8DA86B000B6A75 /* Products */,
				D0631FD6E2C5C359AB26DF2A /* Pods */,
				D01FDF817EC1D3DF2D197DD6 /* Frameworks */,
			);
			sourceTree = "<group>";
		};
		905FA9C91F8DA86B000B6A75 /* Products */ = {
			isa = PBXGroup;
			children = (
				905FA9C81F8DA86B000B6A75 /* WCDBDemo.app */,
				905FA9E01F8DA86B000B6A75 /* WCDBDemoUITests.xctest */,
			);
			name = Products;
			sourceTree = "<group>";
		};
		905FA9CA1F8DA86B000B6A75 /* WCDBDemo */ = {
			isa = PBXGroup;
			children = (
				905FA9CB1F8DA86B000B6A75 /* AppDelegate.h */,
				905FA9CC1F8DA86B000B6A75 /* AppDelegate.m */,
				905FA9CE1F8DA86B000B6A75 /* ViewController.h */,
				905FA9CF1F8DA86B000B6A75 /* ViewController.mm */,
				9006C1271F8E1DA9008450F4 /* Message.h */,
				9006C1281F8E1DA9008450F4 /* Message.mm */,
				9006C12A1F8E1EA5008450F4 /* Message+WCTTableCoding.h */,
				9006C12B1F8F101B008450F4 /* MessageStore.h */,
				9006C12C1F8F101B008450F4 /* MessageStore.mm */,
				905FA9D11F8DA86B000B6A75 /* Main.storyboard */,
				905FA9D41F8DA86B000B6A75 /* Assets.xcassets */,
				905FA9D61F8DA86B000B6A75 /* LaunchScreen.storyboard */,
				905FA9D91F8DA86B000B6A75 /* Info.plist */,
				905FA9DA1F8DA86B000B6A75 /* main.m */,
			);
			path = WCDBDemo;
			sourceTree = "<group>";
		};
		905FA9E31F8DA86B000B6A75 /* WCDBDemoUITests */ = {
			isa = PBXGroup;
			children = (
				905FA9E41F8DA86B000B6A75 /* WCDBDemoUITests.m */,
				905FA9E61F8DA86B000B6A75 /* Info.plist */,
			);
			path = WCDBDemoUITests;
			sourceTree = "<group>";
		};
		D01FDF817EC1D3DF2D197DD6 /* Frameworks */ = {
			isa = PBXGroup;
			children = (
				BB69C563F04BE9620A410BD5 /* libPods-WCDBDemo.a */,
			);
			name = Frameworks;
			sourceTree = "<group>";
		};
		D0631FD6E2C5C359AB26DF2A /* Pods */ = {
			isa = PBXGroup;
			children = (
				52CC22439B363E439817A9ED /* Pods-WCDBDemo.debug.xcconfig */,
				82545330E8DAD0F679B27BF7 /* Pods-WCDBDemo.release.xcconfig */,
			);
			name = Pods;
			sourceTree = "<group>";
		};
/* End PBXGroup section */

/* Begin PBXNativeTarget section */
		905FA9C71F8DA86A000B6A75 /* WCDBDemo */ = {
			isa = PBXNativeTarget;
			buildConfigurationList = 905FA9E91F8DA86B000B6A75 /* Build configuration list for PBXNativeTarget "WCDBDemo" */;
			buildPhases = (
				B3FDA8BC481F446D92E32FAC /* [CP] Check Pods Manifest.lock */,
				905FA9C41F8DA86A000B6A75 /* Sources */,
				905FA9C51F8DA86A000B6A75 /* Frameworks */,
				905FA9C61F8DA86A000B6A75 /* Resources */,
				F919B0F2EC755F1669F6A09A /* [CP] Embed Pods Frameworks */,
				8AC7350C118ADD46A80732D4 /* [CP] Copy Pods Resources */,
			);
			buildRules = (
			);
			dependencies = (
			);
			name = WCDBDemo;
			productName = WCDBDemo;
			productReference = 905FA9C81F8DA86B000B6A75 /* WCDBDemo.app */;
			productType = "com.apple.product-type.application";
		};
		905FA9DF1F8DA86B000B6A75 /* WCDBDemoUITests */ = {
			isa = PBXNativeTarget;
			buildConfigurationList = 905FA9EC1F8DA86B000B6A75 /* Build configuration list for PBXNativeTarget "WCDBDemoUITests" */;
			buildPhases = (
				905FA9DC1F8DA86B000B6A75 /* Sources */,
				905FA9DD1F8DA86B000B6A75 /* Frameworks */,
				905FA9DE1F8DA86B000B6A75 /* Resources */,
			);
			buildRules = (
			);
			dependencies = (
				905FA9E21F8DA86B000B6A75 /* PBXTargetDependency */,
			);
			name = WCDBDemoUITests;
			productName = WCDBDemoUITests;
			productReference = 905FA9E01F8DA86B000B6A75 /* WCDBDemoUITests.xctest */;
			productType = "com.apple.product-type.bundle.ui-testing";
		};
/* End PBXNativeTarget section */

/* Begin PBXProject section */
		905FA9C01F8DA86A000B6A75 /* Project object */ = {
			isa = PBXProject;
			attributes = {
				LastUpgradeCheck = 0900;
				ORGANIZATIONNAME = HomerLynn;
				TargetAttributes = {
					905FA9C71F8DA86A000B6A75 = {
						CreatedOnToolsVersion = 9.0;
						ProvisioningStyle = Automatic;
					};
					905FA9DF1F8DA86B000B6A75 = {
						CreatedOnToolsVersion = 9.0;
						ProvisioningStyle = Automatic;
						TestTargetID = 905FA9C71F8DA86A000B6A75;
					};
				};
			};
			buildConfigurationList = 905FA9C31F8DA86A000B6A75 /* Build configuration list for PBXProject "WCDBDemo" */;
			compatibilityVersion = "Xcode 8.0";
			developmentRegion = en;
			hasScannedForEncodings = 0;
			knownRegions = (
				en,
				Base,
			);
			mainGroup = 905FA9BF1F8DA86A000B6A75;
			productRefGroup = 905FA9C91F8DA86B000B6A75 /* Products */;
			projectDirPath = "";
			projectRoot = "";
			targets = (
				905FA9C71F8DA86A000B6A75 /* WCDBDemo */,
				905FA9DF1F8DA86B000B6A75 /* WCDBDemoUITests */,
			);
		};
/* End PBXProject section */

/* Begin PBXResourcesBuildPhase section */
		905FA9C61F8DA86A000B6A75 /* Resources */ = {
			isa = PBXResourcesBuildPhase;
			buildActionMask = 2147483647;
			files = (
				905FA9D81F8DA86B000B6A75 /* LaunchScreen.storyboard in Resources */,
				905FA9D51F8DA86B000B6A75 /* Assets.xcassets in Resources */,
				905FA9D31F8DA86B000B6A75 /* Main.storyboard in Resources */,
			);
			runOnlyForDeploymentPostprocessing = 0;
		};
		905FA9DE1F8DA86B000B6A75 /* Resources */ = {
			isa = PBXResourcesBuildPhase;
			buildActionMask = 2147483647;
			files = (
			);
			runOnlyForDeploymentPostprocessing = 0;
		};
/* End PBXResourcesBuildPhase section */

/* Begin PBXShellScriptBuildPhase section */
		8AC7350C118ADD46A80732D4 /* [CP] Copy Pods Resources */ = {
			isa = PBXShellScriptBuildPhase;
			buildActionMask = 2147483647;
			files = (
			);
			inputPaths = (
			);
			name = "[CP] Copy Pods Resources";
			outputPaths = (
			);
			runOnlyForDeploymentPostprocessing = 0;
			shellPath = /bin/sh;
			shellScript = "\"${SRCROOT}/Pods/Target Support Files/Pods-WCDBDemo/Pods-WCDBDemo-resources.sh\"\n";
			showEnvVarsInLog = 0;
		};
		B3FDA8BC481F446D92E32FAC /* [CP] Check Pods Manifest.lock */ = {
			isa = PBXShellScriptBuildPhase;
			buildActionMask = 2147483647;
			files = (
			);
			inputPaths = (
				"${PODS_PODFILE_DIR_PATH}/Podfile.lock",
				"${PODS_ROOT}/Manifest.lock",
			);
			name = "[CP] Check Pods Manifest.lock";
			outputPaths = (
				"$(DERIVED_FILE_DIR)/Pods-WCDBDemo-checkManifestLockResult.txt",
			);
			runOnlyForDeploymentPostprocessing = 0;
			shellPath = /bin/sh;
			shellScript = "diff \"${PODS_PODFILE_DIR_PATH}/Podfile.lock\" \"${PODS_ROOT}/Manifest.lock\" > /dev/null\nif [ $? != 0 ] ; then\n    # print error to STDERR\n    echo \"error: The sandbox is not in sync with the Podfile.lock. Run 'pod install' or update your CocoaPods installation.\" >&2\n    exit 1\nfi\n# This output is used by Xcode 'outputs' to avoid re-running this script phase.\necho \"SUCCESS\" > \"${SCRIPT_OUTPUT_FILE_0}\"\n";
			showEnvVarsInLog = 0;
		};
		F919B0F2EC755F1669F6A09A /* [CP] Embed Pods Frameworks */ = {
			isa = PBXShellScriptBuildPhase;
			buildActionMask = 2147483647;
			files = (
			);
			inputPaths = (
			);
			name = "[CP] Embed Pods Frameworks";
			outputPaths = (
			);
			runOnlyForDeploymentPostprocessing = 0;
			shellPath = /bin/sh;
			shellScript = "\"${SRCROOT}/Pods/Target Support Files/Pods-WCDBDemo/Pods-WCDBDemo-frameworks.sh\"\n";
			showEnvVarsInLog = 0;
		};
/* End PBXShellScriptBuildPhase section */

/* Begin PBXSourcesBuildPhase section */
		905FA9C41F8DA86A000B6A75 /* Sources */ = {
			isa = PBXSourcesBuildPhase;
			buildActionMask = 2147483647;
			files = (
				905FA9D01F8DA86B000B6A75 /* ViewController.mm in Sources */,
				9006C1291F8E1DA9008450F4 /* Message.mm in Sources */,
				9006C12D1F8F101B008450F4 /* MessageStore.mm in Sources */,
				905FA9DB1F8DA86B000B6A75 /* main.m in Sources */,
				905FA9CD1F8DA86B000B6A75 /* AppDelegate.m in Sources */,
			);
			runOnlyForDeploymentPostprocessing = 0;
		};
		905FA9DC1F8DA86B000B6A75 /* Sources */ = {
			isa = PBXSourcesBuildPhase;
			buildActionMask = 2147483647;
			files = (
				905FA9E51F8DA86B000B6A75 /* WCDBDemoUITests.m in Sources */,
			);
			runOnlyForDeploymentPostprocessing = 0;
		};
/* End PBXSourcesBuildPhase section */

/* Begin PBXTargetDependency section */
		905FA9E21F8DA86B000B6A75 /* PBXTargetDependency */ = {
			isa = PBXTargetDependency;
			target = 905FA9C71F8DA86A000B6A75 /* WCDBDemo */;
			targetProxy = 905FA9E11F8DA86B000B6A75 /* PBXContainerItemProxy */;
		};
/* End PBXTargetDependency section */

/* Begin PBXVariantGroup section */
		905FA9D11F8DA86B000B6A75 /* Main.storyboard */ = {
			isa = PBXVariantGroup;
			children = (
				905FA9D21F8DA86B000B6A75 /* Base */,
			);
			name = Main.storyboard;
			sourceTree = "<group>";
		};
		905FA9D61F8DA86B000B6A75 /* LaunchScreen.storyboard */ = {
			isa = PBXVariantGroup;
			children = (
				905FA9D71F8DA86B000B6A75 /* Base */,
			);
			name = LaunchScreen.storyboard;
			sourceTree = "<group>";
		};
/* End PBXVariantGroup section */

/* Begin XCBuildConfiguration section */
		905FA9E71F8DA86B000B6A75 /* Debug */ = {
			isa = XCBuildConfiguration;
			buildSettings = {
				ALWAYS_SEARCH_USER_PATHS = NO;
				CLANG_ANALYZER_NONNULL = YES;
				CLANG_ANALYZER_NUMBER_OBJECT_CONVERSION = YES_AGGRESSIVE;
				CLANG_CXX_LANGUAGE_STANDARD = "gnu++14";
				CLANG_CXX_LIBRARY = "libc++";
				CLANG_ENABLE_MODULES = YES;
				CLANG_ENABLE_OBJC_ARC = YES;
				CLANG_WARN_BLOCK_CAPTURE_AUTORELEASING = YES;
				CLANG_WARN_BOOL_CONVERSION = YES;
				CLANG_WARN_COMMA = YES;
				CLANG_WARN_CONSTANT_CONVERSION = YES;
				CLANG_WARN_DIRECT_OBJC_ISA_USAGE = YES_ERROR;
				CLANG_WARN_DOCUMENTATION_COMMENTS = YES;
				CLANG_WARN_EMPTY_BODY = YES;
				CLANG_WARN_ENUM_CONVERSION = YES;
				CLANG_WARN_INFINITE_RECURSION = YES;
				CLANG_WARN_INT_CONVERSION = YES;
				CLANG_WARN_NON_LITERAL_NULL_CONVERSION = YES;
				CLANG_WARN_OBJC_LITERAL_CONVERSION = YES;
				CLANG_WARN_OBJC_ROOT_CLASS = YES_ERROR;
				CLANG_WARN_RANGE_LOOP_ANALYSIS = YES;
				CLANG_WARN_STRICT_PROTOTYPES = YES;
				CLANG_WARN_SUSPICIOUS_MOVE = YES;
				CLANG_WARN_UNGUARDED_AVAILABILITY = YES_AGGRESSIVE;
				CLANG_WARN_UNREACHABLE_CODE = YES;
				CLANG_WARN__DUPLICATE_METHOD_MATCH = YES;
				CODE_SIGN_IDENTITY = "iPhone Developer";
				COPY_PHASE_STRIP = NO;
				DEBUG_INFORMATION_FORMAT = dwarf;
				ENABLE_STRICT_OBJC_MSGSEND = YES;
				ENABLE_TESTABILITY = YES;
				GCC_C_LANGUAGE_STANDARD = gnu11;
				GCC_DYNAMIC_NO_PIC = NO;
				GCC_NO_COMMON_BLOCKS = YES;
				GCC_OPTIMIZATION_LEVEL = 0;
				GCC_PREPROCESSOR_DEFINITIONS = (
					"DEBUG=1",
					"$(inherited)",
				);
				GCC_WARN_64_TO_32_BIT_CONVERSION = YES;
				GCC_WARN_ABOUT_RETURN_TYPE = YES_ERROR;
				GCC_WARN_UNDECLARED_SELECTOR = YES;
				GCC_WARN_UNINITIALIZED_AUTOS = YES_AGGRESSIVE;
				GCC_WARN_UNUSED_FUNCTION = YES;
				GCC_WARN_UNUSED_VARIABLE = YES;
				IPHONEOS_DEPLOYMENT_TARGET = 11.0;
				MTL_ENABLE_DEBUG_INFO = YES;
				ONLY_ACTIVE_ARCH = YES;
				SDKROOT = iphoneos;
			};
			name = Debug;
		};
		905FA9E81F8DA86B000B6A75 /* Release */ = {
			isa = XCBuildConfiguration;
			buildSettings = {
				ALWAYS_SEARCH_USER_PATHS = NO;
				CLANG_ANALYZER_NONNULL = YES;
				CLANG_ANALYZER_NUMBER_OBJECT_CONVERSION = YES_AGGRESSIVE;
				CLANG_CXX_LANGUAGE_STANDARD = "gnu++14";
				CLANG_CXX_LIBRARY = "libc++";
				CLANG_ENABLE_MODULES = YES;
				CLANG_ENABLE_OBJC_ARC = YES;
				CLANG_WARN_BLOCK_CAPTURE_AUTORELEASING = YES;
				CLANG_WARN_BOOL_CONVERSION = YES;
				CLANG_WARN_COMMA = YES;
				CLANG_WARN_CONSTANT_CONVERSION = YES;
				CLANG_WARN_DIRECT_OBJC_ISA_USAGE = YES_ERROR;
				CLANG_WARN_DOCUMENTATION_COMMENTS = YES;
				CLANG_WARN_EMPTY_BODY = YES;
				CLANG_WARN_ENUM_CONVERSION = YES;
				CLANG_WARN_INFINITE_RECURSION = YES;
				CLANG_WARN_INT_CONVERSION = YES;
				CLANG_WARN_NON_LITERAL_NULL_CONVERSION = YES;
				CLANG_WARN_OBJC_LITERAL_CONVERSION = YES;
				CLANG_WARN_OBJC_ROOT_CLASS = YES_ERROR;
				CLANG_WARN_RANGE_LOOP_ANALYSIS = YES;
				CLANG_WARN_STRICT_PROTOTYPES = YES;
				CLANG_WARN_SUSPICIOUS_MOVE = YES;
				CLANG_WARN_UNGUARDED_AVAILABILITY = YES_AGGRESSIVE;
				CLANG_WARN_UNREACHABLE_CODE = YES;
				CLANG_WARN__DUPLICATE_METHOD_MATCH = YES;
				CODE_SIGN_IDENTITY = "iPhone Developer";
				COPY_PHASE_STRIP = NO;
				DEBUG_INFORMATION_FORMAT = "dwarf-with-dsym";
				ENABLE_NS_ASSERTIONS = NO;
				ENABLE_STRICT_OBJC_MSGSEND = YES;
				GCC_C_LANGUAGE_STANDARD = gnu11;
				GCC_NO_COMMON_BLOCKS = YES;
				GCC_WARN_64_TO_32_BIT_CONVERSION = YES;
				GCC_WARN_ABOUT_RETURN_TYPE = YES_ERROR;
				GCC_WARN_UNDECLARED_SELECTOR = YES;
				GCC_WARN_UNINITIALIZED_AUTOS = YES_AGGRESSIVE;
				GCC_WARN_UNUSED_FUNCTION = YES;
				GCC_WARN_UNUSED_VARIABLE = YES;
				IPHONEOS_DEPLOYMENT_TARGET = 11.0;
				MTL_ENABLE_DEBUG_INFO = NO;
				SDKROOT = iphoneos;
				VALIDATE_PRODUCT = YES;
			};
			name = Release;
		};
		905FA9EA1F8DA86B000B6A75 /* Debug */ = {
			isa = XCBuildConfiguration;
			baseConfigurationReference = 52CC22439B363E439817A9ED /* Pods-WCDBDemo.debug.xcconfig */;
			buildSettings = {
				ASSETCATALOG_COMPILER_APPICON_NAME = AppIcon;
				CODE_SIGN_STYLE = Automatic;
				INFOPLIST_FILE = WCDBDemo/Info.plist;
				LD_RUNPATH_SEARCH_PATHS = "$(inherited) @executable_path/Frameworks";
				PRODUCT_BUNDLE_IDENTIFIER = wang.homerice.WCDBDemo;
				PRODUCT_NAME = "$(TARGET_NAME)";
				TARGETED_DEVICE_FAMILY = "1,2";
			};
			name = Debug;
		};
		905FA9EB1F8DA86B000B6A75 /* Release */ = {
			isa = XCBuildConfiguration;
			baseConfigurationReference = 82545330E8DAD0F679B27BF7 /* Pods-WCDBDemo.release.xcconfig */;
			buildSettings = {
				ASSETCATALOG_COMPILER_APPICON_NAME = AppIcon;
				CODE_SIGN_STYLE = Automatic;
				INFOPLIST_FILE = WCDBDemo/Info.plist;
				LD_RUNPATH_SEARCH_PATHS = "$(inherited) @executable_path/Frameworks";
				PRODUCT_BUNDLE_IDENTIFIER = wang.homerice.WCDBDemo;
				PRODUCT_NAME = "$(TARGET_NAME)";
				TARGETED_DEVICE_FAMILY = "1,2";
			};
			name = Release;
		};
		905FA9ED1F8DA86B000B6A75 /* Debug */ = {
			isa = XCBuildConfiguration;
			buildSettings = {
				CODE_SIGN_STYLE = Automatic;
				INFOPLIST_FILE = WCDBDemoUITests/Info.plist;
				LD_RUNPATH_SEARCH_PATHS = "$(inherited) @executable_path/Frameworks @loader_path/Frameworks";
				PRODUCT_BUNDLE_IDENTIFIER = wang.homerice.WCDBDemoUITests;
				PRODUCT_NAME = "$(TARGET_NAME)";
				TARGETED_DEVICE_FAMILY = "1,2";
				TEST_TARGET_NAME = WCDBDemo;
			};
			name = Debug;
		};
		905FA9EE1F8DA86B000B6A75 /* Release */ = {
			isa = XCBuildConfiguration;
			buildSettings = {
				CODE_SIGN_STYLE = Automatic;
				INFOPLIST_FILE = WCDBDemoUITests/Info.plist;
				LD_RUNPATH_SEARCH_PATHS = "$(inherited) @executable_path/Frameworks @loader_path/Frameworks";
				PRODUCT_BUNDLE_IDENTIFIER = wang.homerice.WCDBDemoUITests;
				PRODUCT_NAME = "$(TARGET_NAME)";
				TARGETED_DEVICE_FAMILY = "1,2";
				TEST_TARGET_NAME = WCDBDemo;
			};
			name = Release;
		};
/* End XCBuildConfiguration section */

/* Begin XCConfigurationList section */
		905FA9C31F8DA86A000B6A75 /* Build configuration list for PBXProject "WCDBDemo" */ = {
			isa = XCConfigurationList;
			buildConfigurations = (
				905FA9E71F8DA86B000B6A75 /* Debug */,
				905FA9E81F8DA86B000B6A75 /* Release */,
			);
			defaultConfigurationIsVisible = 0;
			defaultConfigurationName = Release;
		};
		905FA9E91F8DA86B000B6A75 /* Build configuration list for PBXNativeTarget "WCDBDemo" */ = {
			isa = XCConfigurationList;
			buildConfigurations = (
				905FA9EA1F8DA86B000B6A75 /* Debug */,
				905FA9EB1F8DA86B000B6A75 /* Release */,
			);
			defaultConfigurationIsVisible = 0;
			defaultConfigurationName = Release;
		};
		905FA9EC1F8DA86B000B6A75 /* Build configuration list for PBXNativeTarget "WCDBDemoUITests" */ = {
			isa = XCConfigurationList;
			buildConfigurations = (
				905FA9ED1F8DA86B000B6A75 /* Debug */,
				905FA9EE1F8DA86B000B6A75 /* Release */,
			);
			defaultConfigurationIsVisible = 0;
			defaultConfigurationName = Release;
		};
/* End XCConfigurationList section */
	};
	rootObject = 905FA9C01F8DA86A000B6A75 /* Project object */;
}
